
Microsoft Visual Studio Solution File, Format Version 12.00
# Visual Studio 15
VisualStudioVersion = 15.0.28307.1169
MinimumVisualStudioVersion = 10.0.40219.1
Project("{8BC9CEB8-8B4A-11D0-8D11-00A0C91BC942}") = "TcpTest", "TcpTest\TcpTest.vcxproj", "{B465A0CD-4EC1-4E06-8867-F7F8A06E9CB7}"
EndProject
Global
	GlobalSection(SolutionConfigurationPlatforms) = preSolution
		Debug|x86 = Debug|x86
		Release|x86 = Release|x86
	EndGlobalSection
	GlobalSection(ProjectConfigurationPlatforms) = postSolution
		{B465A0CD-4EC1-4E06-8867-F7F8A06E9CB7}.Debug|x86.ActiveCfg = Debug|Win32
		{B465A0CD-4EC1-4E06-8867-F7F8A06E9CB7}.Debug|x86.Build.0 = Debug|Win32
		{B465A0CD-4EC1-4E06-8867-F7F8A06E9CB7}.Release|x86.ActiveCfg = Release|Win32
		{B465A0CD-4EC1-4E06-8867-F7F8A06E9CB7}.Release|x86.Build.0 = Release|Win32
	EndGlobalSection
	GlobalSection(SolutionProperties) = preSolution
		HideSolutionNode = FALSE
	EndGlobalSection
	GlobalSection(ExtensibilityGlobals) = postSolution
		SolutionGuid = {D8A8645F-56EF-4BEF-99FC-15BC82A47D1E}
	EndGlobalSection
EndGlobal
